// !$*UTF8*$!
{
	archiveVersion = 1;
	classes = {
	};
	objectVersion = 50;
	objects = {

/* Begin PBXBuildFile section */
		B612CAA5225009CF0077A3F0 /* AppDelegate.swift in Sources */ = {isa = PBXBuildFile; fileRef = B612CAA4225009CF0077A3F0 /* AppDelegate.swift */; };
		B612CAA7225009CF0077A3F0 /* art.scnassets in Resources */ = {isa = PBXBuildFile; fileRef = B612CAA6225009CF0077A3F0 /* art.scnassets */; };
		B612CAA9225009CF0077A3F0 /* ViewController.swift in Sources */ = {isa = PBXBuildFile; fileRef = B612CAA8225009CF0077A3F0 /* ViewController.swift */; };
		B612CAAC225009CF0077A3F0 /* Main.storyboard in Resources */ = {isa = PBXBuildFile; fileRef = B612CAAA225009CF0077A3F0 /* Main.storyboard */; };
		B612CAAE225009D10077A3F0 /* Assets.xcassets in Resources */ = {isa = PBXBuildFile; fileRef = B612CAAD225009D10077A3F0 /* Assets.xcassets */; };
		B612CAB1225009D10077A3F0 /* LaunchScreen.storyboard in Resources */ = {isa = PBXBuildFile; fileRef = B612CAAF225009D10077A3F0 /* LaunchScreen.storyboard */; };
/* End PBXBuildFile section */

/* Begin PBXFileReference section */
		B612CAA1225009CF0077A3F0 /* lesson 7 basketball.app */ = {isa = PBXFileReference; explicitFileType = wrapper.application; includeInIndex = 0; path = "lesson 7 basketball.app"; sourceTree = BUILT_PRODUCTS_DIR; };
		B612CAA4225009CF0077A3F0 /* AppDelegate.swift */ = {isa = PBXFileReference; lastKnownFileType = sourcecode.swift; path = AppDelegate.swift; sourceTree = "<group>"; };
		B612CAA6225009CF0077A3F0 /* art.scnassets */ = {isa = PBXFileReference; lastKnownFileType = wrapper.scnassets; path = art.scnassets; sourceTree = "<group>"; };
		B612CAA8225009CF0077A3F0 /* ViewController.swift */ = {isa = PBXFileReference; lastKnownFileType = sourcecode.swift; path = ViewController.swift; sourceTree = "<group>"; };
		B612CAAB225009CF0077A3F0 /* Base */ = {isa = PBXFileReference; lastKnownFileType = file.storyboard; name = Base; path = Base.lproj/Main.storyboard; sourceTree = "<group>"; };
		B612CAAD225009D10077A3F0 /* Assets.xcassets */ = {isa = PBXFileReference; lastKnownFileType = folder.assetcatalog; path = Assets.xcassets; sourceTree = "<group>"; };
		B612CAB0225009D10077A3F0 /* Base */ = {isa = PBXFileReference; lastKnownFileType = file.storyboard; name = Base; path = Base.lproj/LaunchScreen.storyboard; sourceTree = "<group>"; };
		B612CAB2225009D10077A3F0 /* Info.plist */ = {isa = PBXFileReference; lastKnownFileType = text.plist.xml; path = Info.plist; sourceTree = "<group>"; };
/* End PBXFileReference section */

/* Begin PBXFrameworksBuildPhase section */
		B612CA9E225009CF0077A3F0 /* Frameworks */ = {
			isa = PBXFrameworksBuildPhase;
			buildActionMask = 2147483647;
			files = (
			);
			runOnlyForDeploymentPostprocessing = 0;
		};
/* End PBXFrameworksBuildPhase section */

/* Begin PBXGroup section */
		B612CA98225009CF0077A3F0 = {
			isa = PBXGroup;
			children = (
				B612CAA3225009CF0077A3F0 /* lesson 7 basketball */,
				B612CAA2225009CF0077A3F0 /* Products */,
			);
			sourceTree = "<group>";
		};
		B612CAA2225009CF0077A3F0 /* Products */ = {
			isa = PBXGroup;
			children = (
				B612CAA1225009CF0077A3F0 /* lesson 7 basketball.app */,
			);
			name = Products;
			sourceTree = "<group>";
		};
		B612CAA3225009CF0077A3F0 /* lesson 7 basketball */ = {
			isa = PBXGroup;
			children = (
				B612CAA4225009CF0077A3F0 /* AppDelegate.swift */,
				B612CAA6225009CF0077A3F0 /* art.scnassets */,
				B612CAA8225009CF0077A3F0 /* ViewController.swift */,
				B612CAAA225009CF0077A3F0 /* Main.storyboard */,
				B612CAAD225009D10077A3F0 /* Assets.xcassets */,
				B612CAAF225009D10077A3F0 /* LaunchScreen.storyboard */,
				B612CAB2225009D10077A3F0 /* Info.plist */,
			);
			path = "lesson 7 basketball";
			sourceTree = "<group>";
		};
/* End PBXGroup section */

/* Begin PBXNativeTarget section */
		B612CAA0225009CF0077A3F0 /* lesson 7 basketball */ = {
			isa = PBXNativeTarget;
			buildConfigurationList = B612CAB5225009D10077A3F0 /* Build configuration list for PBXNativeTarget "lesson 7 basketball" */;
			buildPhases = (
				B612CA9D225009CF0077A3F0 /* Sources */,
				B612CA9E225009CF0077A3F0 /* Frameworks */,
				B612CA9F225009CF0077A3F0 /* Resources */,
			);
			buildRules = (
			);
			dependencies = (
			);
			name = "lesson 7 basketball";
			productName = "lesson 7 basketball";
			productReference = B612CAA1225009CF0077A3F0 /* lesson 7 basketball.app */;
			productType = "com.apple.product-type.application";
		};
/* End PBXNativeTarget section */

/* Begin PBXProject section */
		B612CA99225009CF0077A3F0 /* Project object */ = {
			isa = PBXProject;
			attributes = {
				LastSwiftUpdateCheck = 1020;
				LastUpgradeCheck = 1020;
				ORGANIZATIONNAME = "Иван longrail";
				TargetAttributes = {
					B612CAA0225009CF0077A3F0 = {
						CreatedOnToolsVersion = 10.2;
					};
				};
			};
			buildConfigurationList = B612CA9C225009CF0077A3F0 /* Build configuration list for PBXProject "lesson 7 basketball" */;
			compatibilityVersion = "Xcode 9.3";
			developmentRegion = en;
			hasScannedForEncodings = 0;
			knownRegions = (
				en,
				Base,
			);
			mainGroup = B612CA98225009CF0077A3F0;
			productRefGroup = B612CAA2225009CF0077A3F0 /* Products */;
			projectDirPath = "";
			projectRoot = "";
			targets = (
				B612CAA0225009CF0077A3F0 /* lesson 7 basketball */,
			);
		};
/* End PBXProject section */

/* Begin PBXResourcesBuildPhase section */
		B612CA9F225009CF0077A3F0 /* Resources */ = {
			isa = PBXResourcesBuildPhase;
			buildActionMask = 2147483647;
			files = (
				B612CAA7225009CF0077A3F0 /* art.scnassets in Resources */,
				B612CAB1225009D10077A3F0 /* LaunchScreen.storyboard in Resources */,
				B612CAAE225009D10077A3F0 /* Assets.xcassets in Resources */,
				B612CAAC225009CF0077A3F0 /* Main.storyboard in Resources */,
			);
			runOnlyForDeploymentPostprocessing = 0;
		};
/* End PBXResourcesBuildPhase section */

/* Begin PBXSourcesBuildPhase section */
		B612CA9D225009CF0077A3F0 /* Sources */ = {
			isa = PBXSourcesBuildPhase;
			buildActionMask = 2147483647;
			files = (
				B612CAA9225009CF0077A3F0 /* ViewController.swift in Sources */,
				B612CAA5225009CF0077A3F0 /* AppDelegate.swift in Sources */,
			);
			runOnlyForDeploymentPostprocessing = 0;
		};
/* End PBXSourcesBuildPhase section */

/* Begin PBXVariantGroup section */
		B612CAAA225009CF0077A3F0 /* Main.storyboard */ = {
			isa = PBXVariantGroup;
			children = (
				B612CAAB225009CF0077A3F0 /* Base */,
			);
			name = Main.storyboard;
			sourceTree = "<group>";
		};
		B612CAAF225009D10077A3F0 /* LaunchScreen.storyboard */ = {
			isa = PBXVariantGroup;
			children = (
				B612CAB0225009D10077A3F0 /* Base */,
			);
			name = LaunchScreen.storyboard;
			sourceTree = "<group>";
		};
/* End PBXVariantGroup section */

/* Begin XCBuildConfiguration section */
		B612CAB3225009D10077A3F0 /* Debug */ = {
			isa = XCBuildConfiguration;
			buildSettings = {
				ALWAYS_SEARCH_USER_PATHS = NO;
				CLANG_ANALYZER_NONNULL = YES;
				CLANG_ANALYZER_NUMBER_OBJECT_CONVERSION = YES_AGGRESSIVE;
				CLANG_CXX_LANGUAGE_STANDARD = "gnu++14";
				CLANG_CXX_LIBRARY = "libc++";
				CLANG_ENABLE_MODULES = YES;
				CLANG_ENABLE_OBJC_ARC = YES;
				CLANG_ENABLE_OBJC_WEAK = YES;
				CLANG_WARN_BLOCK_CAPTURE_AUTORELEASING = YES;
				CLANG_WARN_BOOL_CONVERSION = YES;
				CLANG_WARN_COMMA = YES;
				CLANG_WARN_CONSTANT_CONVERSION = YES;
				CLANG_WARN_DEPRECATED_OBJC_IMPLEMENTATIONS = YES;
				CLANG_WARN_DIRECT_OBJC_ISA_USAGE = YES_ERROR;
				CLANG_WARN_DOCUMENTATION_COMMENTS = YES;
				CLANG_WARN_EMPTY_BODY = YES;
				CLANG_WARN_ENUM_CONVERSION = YES;
				CLANG_WARN_INFINITE_RECURSION = YES;
				CLANG_WARN_INT_CONVERSION = YES;
				CLANG_WARN_NON_LITERAL_NULL_CONVERSION = YES;
				CLANG_WARN_OBJC_IMPLICIT_RETAIN_SELF = YES;
				CLANG_WARN_OBJC_LITERAL_CONVERSION = YES;
				CLANG_WARN_OBJC_ROOT_CLASS = YES_ERROR;
				CLANG_WARN_RANGE_LOOP_ANALYSIS = YES;
				CLANG_WARN_STRICT_PROTOTYPES = YES;
				CLANG_WARN_SUSPICIOUS_MOVE = YES;
				CLANG_WARN_UNGUARDED_AVAILABILITY = YES_AGGRESSIVE;
				CLANG_WARN_UNREACHABLE_CODE = YES;
				CLANG_WARN__DUPLICATE_METHOD_MATCH = YES;
				CODE_SIGN_IDENTITY = "iPhone Developer";
				COPY_PHASE_STRIP = NO;
				DEBUG_INFORMATION_FORMAT = dwarf;
				ENABLE_STRICT_OBJC_MSGSEND = YES;
				ENABLE_TESTABILITY = YES;
				GCC_C_LANGUAGE_STANDARD = gnu11;
				GCC_DYNAMIC_NO_PIC = NO;
				GCC_NO_COMMON_BLOCKS = YES;
				GCC_OPTIMIZATION_LEVEL = 0;
				GCC_PREPROCESSOR_DEFINITIONS = (
					"DEBUG=1",
					"$(inherited)",
				);
				GCC_WARN_64_TO_32_BIT_CONVERSION = YES;
				GCC_WARN_ABOUT_RETURN_TYPE = YES_ERROR;
				GCC_WARN_UNDECLARED_SELECTOR = YES;
				GCC_WARN_UNINITIALIZED_AUTOS = YES_AGGRESSIVE;
				GCC_WARN_UNUSED_FUNCTION = YES;
				GCC_WARN_UNUSED_VARIABLE = YES;
				IPHONEOS_DEPLOYMENT_TARGET = 12.2;
				MTL_ENABLE_DEBUG_INFO = INCLUDE_SOURCE;
				MTL_FAST_MATH = YES;
				ONLY_ACTIVE_ARCH = YES;
				SDKROOT = iphoneos;
				SWIFT_ACTIVE_COMPILATION_CONDITIONS = DEBUG;
				SWIFT_OPTIMIZATION_LEVEL = "-Onone";
			};
			name = Debug;
		};
		B612CAB4225009D10077A3F0 /* Release */ = {
			isa = XCBuildConfiguration;
			buildSettings = {
				ALWAYS_SEARCH_USER_PATHS = NO;
				CLANG_ANALYZER_NONNULL = YES;
				CLANG_ANALYZER_NUMBER_OBJECT_CONVERSION = YES_AGGRESSIVE;
				CLANG_CXX_LANGUAGE_STANDARD = "gnu++14";
				CLANG_CXX_LIBRARY = "libc++";
				CLANG_ENABLE_MODULES = YES;
				CLANG_ENABLE_OBJC_ARC = YES;
				CLANG_ENABLE_OBJC_WEAK = YES;
				CLANG_WARN_BLOCK_CAPTURE_AUTORELEASING = YES;
				CLANG_WARN_BOOL_CONVERSION = YES;
				CLANG_WARN_COMMA = YES;
				CLANG_WARN_CONSTANT_CONVERSION = YES;
				CLANG_WARN_DEPRECATED_OBJC_IMPLEMENTATIONS = YES;
				CLANG_WARN_DIRECT_OBJC_ISA_USAGE = YES_ERROR;
				CLANG_WARN_DOCUMENTATION_COMMENTS = YES;
				CLANG_WARN_EMPTY_BODY = YES;
				CLANG_WARN_ENUM_CONVERSION = YES;
				CLANG_WARN_INFINITE_RECURSION = YES;
				CLANG_WARN_INT_CONVERSION = YES;
				CLANG_WARN_NON_LITERAL_NULL_CONVERSION = YES;
				CLANG_WARN_OBJC_IMPLICIT_RETAIN_SELF = YES;
				CLANG_WARN_OBJC_LITERAL_CONVERSION = YES;
				CLANG_WARN_OBJC_ROOT_CLASS = YES_ERROR;
				CLANG_WARN_RANGE_LOOP_ANALYSIS = YES;
				CLANG_WARN_STRICT_PROTOTYPES = YES;
				CLANG_WARN_SUSPICIOUS_MOVE = YES;
				CLANG_WARN_UNGUARDED_AVAILABILITY = YES_AGGRESSIVE;
				CLANG_WARN_UNREACHABLE_CODE = YES;
				CLANG_WARN__DUPLICATE_METHOD_MATCH = YES;
				CODE_SIGN_IDENTITY = "iPhone Developer";
				COPY_PHASE_STRIP = NO;
				DEBUG_INFORMATION_FORMAT = "dwarf-with-dsym";
				ENABLE_NS_ASSERTIONS = NO;
				ENABLE_STRICT_OBJC_MSGSEND = YES;
				GCC_C_LANGUAGE_STANDARD = gnu11;
				GCC_NO_COMMON_BLOCKS = YES;
				GCC_WARN_64_TO_32_BIT_CONVERSION = YES;
				GCC_WARN_ABOUT_RETURN_TYPE = YES_ERROR;
				GCC_WARN_UNDECLARED_SELECTOR = YES;
				GCC_WARN_UNINITIALIZED_AUTOS = YES_AGGRESSIVE;
				GCC_WARN_UNUSED_FUNCTION = YES;
				GCC_WARN_UNUSED_VARIABLE = YES;
				IPHONEOS_DEPLOYMENT_TARGET = 12.2;
				MTL_ENABLE_DEBUG_INFO = NO;
				MTL_FAST_MATH = YES;
				SDKROOT = iphoneos;
				SWIFT_COMPILATION_MODE = wholemodule;
				SWIFT_OPTIMIZATION_LEVEL = "-O";
				VALIDATE_PRODUCT = YES;
			};
			name = Release;
		};
		B612CAB6225009D10077A3F0 /* Debug */ = {
			isa = XCBuildConfiguration;
			buildSettings = {
				ASSETCATALOG_COMPILER_APPICON_NAME = AppIcon;
				CODE_SIGN_STYLE = Automatic;
				DEVELOPMENT_TEAM = YNGPF6K39Z;
				INFOPLIST_FILE = "lesson 7 basketball/Info.plist";
				LD_RUNPATH_SEARCH_PATHS = (
					"$(inherited)",
					"@executable_path/Frameworks",
				);
				PRODUCT_BUNDLE_IDENTIFIER = "longrail.lesson-7-basketball";
				PRODUCT_NAME = "$(TARGET_NAME)";
				SWIFT_VERSION = 5.0;
				TARGETED_DEVICE_FAMILY = "1,2";
			};
			name = Debug;
		};
		B612CAB7225009D10077A3F0 /* Release */ = {
			isa = XCBuildConfiguration;
			buildSettings = {
				ASSETCATALOG_COMPILER_APPICON_NAME = AppIcon;
				CODE_SIGN_STYLE = Automatic;
				DEVELOPMENT_TEAM = YNGPF6K39Z;
				INFOPLIST_FILE = "lesson 7 basketball/Info.plist";
				LD_RUNPATH_SEARCH_PATHS = (
					"$(inherited)",
					"@executable_path/Frameworks",
				);
				PRODUCT_BUNDLE_IDENTIFIER = "longrail.lesson-7-basketball";
				PRODUCT_NAME = "$(TARGET_NAME)";
				SWIFT_VERSION = 5.0;
				TARGETED_DEVICE_FAMILY = "1,2";
			};
			name = Release;
		};
/* End XCBuildConfiguration section */

/* Begin XCConfigurationList section */
		B612CA9C225009CF0077A3F0 /* Build configuration list for PBXProject "lesson 7 basketball" */ = {
			isa = XCConfigurationList;
			buildConfigurations = (
				B612CAB3225009D10077A3F0 /* Debug */,
				B612CAB4225009D10077A3F0 /* Release */,
			);
			defaultConfigurationIsVisible = 0;
			defaultConfigurationName = Release;
		};
		B612CAB5225009D10077A3F0 /* Build configuration list for PBXNativeTarget "lesson 7 basketball" */ = {
			isa = XCConfigurationList;
			buildConfigurations = (
				B612CAB6225009D10077A3F0 /* Debug */,
				B612CAB7225009D10077A3F0 /* Release */,
			);
			defaultConfigurationIsVisible = 0;
			defaultConfigurationName = Release;
		};
/* End XCConfigurationList section */
	};
	rootObject = B612CA99225009CF0077A3F0 /* Project object */;
}
